// !$*UTF8*$!
{
	archiveVersion = 1;
	classes = {
	};
	objectVersion = 56;
	objects = {

/* Begin PBXBuildFile section */
		F49DEC8B2B8D2FA800C28FD5 /* AppDelegate.swift in Sources */ = {isa = PBXBuildFile; fileRef = F49DEC8A2B8D2FA800C28FD5 /* AppDelegate.swift */; };
		F49DEC8D2B8D2FA800C28FD5 /* SceneDelegate.swift in Sources */ = {isa = PBXBuildFile; fileRef = F49DEC8C2B8D2FA800C28FD5 /* SceneDelegate.swift */; };
		F49DEC8F2B8D2FA800C28FD5 /* ViewController.swift in Sources */ = {isa = PBXBuildFile; fileRef = F49DEC8E2B8D2FA800C28FD5 /* ViewController.swift */; };
		F49DEC922B8D2FA800C28FD5 /* Main.storyboard in Resources */ = {isa = PBXBuildFile; fileRef = F49DEC902B8D2FA800C28FD5 /* Main.storyboard */; };
		F49DEC942B8D2FAA00C28FD5 /* Assets.xcassets in Resources */ = {isa = PBXBuildFile; fileRef = F49DEC932B8D2FAA00C28FD5 /* Assets.xcassets */; };
		F49DEC972B8D2FAA00C28FD5 /* LaunchScreen.storyboard in Resources */ = {isa = PBXBuildFile; fileRef = F49DEC952B8D2FAA00C28FD5 /* LaunchScreen.storyboard */; };
		F49DECA22B8D2FAB00C28FD5 /* TrackItTests.swift in Sources */ = {isa = PBXBuildFile; fileRef = F49DECA12B8D2FAB00C28FD5 /* TrackItTests.swift */; };
		F49DECAC2B8D2FAB00C28FD5 /* TrackItUITests.swift in Sources */ = {isa = PBXBuildFile; fileRef = F49DECAB2B8D2FAB00C28FD5 /* TrackItUITests.swift */; };
		F49DECAE2B8D2FAB00C28FD5 /* TrackItUITestsLaunchTests.swift in Sources */ = {isa = PBXBuildFile; fileRef = F49DECAD2B8D2FAB00C28FD5 /* TrackItUITestsLaunchTests.swift */; };
/* End PBXBuildFile section */

/* Begin PBXContainerItemProxy section */
		F49DEC9E2B8D2FAB00C28FD5 /* PBXContainerItemProxy */ = {
			isa = PBXContainerItemProxy;
			containerPortal = F49DEC7F2B8D2FA800C28FD5 /* Project object */;
			proxyType = 1;
			remoteGlobalIDString = F49DEC862B8D2FA800C28FD5;
			remoteInfo = TrackIt;
		};
		F49DECA82B8D2FAB00C28FD5 /* PBXContainerItemProxy */ = {
			isa = PBXContainerItemProxy;
			containerPortal = F49DEC7F2B8D2FA800C28FD5 /* Project object */;
			proxyType = 1;
			remoteGlobalIDString = F49DEC862B8D2FA800C28FD5;
			remoteInfo = TrackIt;
		};
/* End PBXContainerItemProxy section */

/* Begin PBXFileReference section */
		F49DEC872B8D2FA800C28FD5 /* TrackIt.app */ = {isa = PBXFileReference; explicitFileType = wrapper.application; includeInIndex = 0; path = TrackIt.app; sourceTree = BUILT_PRODUCTS_DIR; };
		F49DEC8A2B8D2FA800C28FD5 /* AppDelegate.swift */ = {isa = PBXFileReference; lastKnownFileType = sourcecode.swift; path = AppDelegate.swift; sourceTree = "<group>"; };
		F49DEC8C2B8D2FA800C28FD5 /* SceneDelegate.swift */ = {isa = PBXFileReference; lastKnownFileType = sourcecode.swift; path = SceneDelegate.swift; sourceTree = "<group>"; };
		F49DEC8E2B8D2FA800C28FD5 /* ViewController.swift */ = {isa = PBXFileReference; lastKnownFileType = sourcecode.swift; path = ViewController.swift; sourceTree = "<group>"; };
		F49DEC912B8D2FA800C28FD5 /* Base */ = {isa = PBXFileReference; lastKnownFileType = file.storyboard; name = Base; path = Base.lproj/Main.storyboard; sourceTree = "<group>"; };
		F49DEC932B8D2FAA00C28FD5 /* Assets.xcassets */ = {isa = PBXFileReference; lastKnownFileType = folder.assetcatalog; path = Assets.xcassets; sourceTree = "<group>"; };
		F49DEC962B8D2FAA00C28FD5 /* Base */ = {isa = PBXFileReference; lastKnownFileType = file.storyboard; name = Base; path = Base.lproj/LaunchScreen.storyboard; sourceTree = "<group>"; };
		F49DEC982B8D2FAA00C28FD5 /* Info.plist */ = {isa = PBXFileReference; lastKnownFileType = text.plist.xml; path = Info.plist; sourceTree = "<group>"; };
		F49DEC9D2B8D2FAB00C28FD5 /* TrackItTests.xctest */ = {isa = PBXFileReference; explicitFileType = wrapper.cfbundle; includeInIndex = 0; path = TrackItTests.xctest; sourceTree = BUILT_PRODUCTS_DIR; };
		F49DECA12B8D2FAB00C28FD5 /* TrackItTests.swift */ = {isa = PBXFileReference; lastKnownFileType = sourcecode.swift; path = TrackItTests.swift; sourceTree = "<group>"; };
		F49DECA72B8D2FAB00C28FD5 /* TrackItUITests.xctest */ = {isa = PBXFileReference; explicitFileType = wrapper.cfbundle; includeInIndex = 0; path = TrackItUITests.xctest; sourceTree = BUILT_PRODUCTS_DIR; };
		F49DECAB2B8D2FAB00C28FD5 /* TrackItUITests.swift */ = {isa = PBXFileReference; lastKnownFileType = sourcecode.swift; path = TrackItUITests.swift; sourceTree = "<group>"; };
		F49DECAD2B8D2FAB00C28FD5 /* TrackItUITestsLaunchTests.swift */ = {isa = PBXFileReference; lastKnownFileType = sourcecode.swift; path = TrackItUITestsLaunchTests.swift; sourceTree = "<group>"; };
/* End PBXFileReference section */

/* Begin PBXFrameworksBuildPhase section */
		F49DEC842B8D2FA800C28FD5 /* Frameworks */ = {
			isa = PBXFrameworksBuildPhase;
			buildActionMask = 2147483647;
			files = (
			);
			runOnlyForDeploymentPostprocessing = 0;
		};
		F49DEC9A2B8D2FAB00C28FD5 /* Frameworks */ = {
			isa = PBXFrameworksBuildPhase;
			buildActionMask = 2147483647;
			files = (
			);
			runOnlyForDeploymentPostprocessing = 0;
		};
		F49DECA42B8D2FAB00C28FD5 /* Frameworks */ = {
			isa = PBXFrameworksBuildPhase;
			buildActionMask = 2147483647;
			files = (
			);
			runOnlyForDeploymentPostprocessing = 0;
		};
/* End PBXFrameworksBuildPhase section */

/* Begin PBXGroup section */
		F49DEC7E2B8D2FA800C28FD5 = {
			isa = PBXGroup;
			children = (
				F49DEC892B8D2FA800C28FD5 /* TrackIt */,
				F49DECA02B8D2FAB00C28FD5 /* TrackItTests */,
				F49DECAA2B8D2FAB00C28FD5 /* TrackItUITests */,
				F49DEC882B8D2FA800C28FD5 /* Products */,
			);
			sourceTree = "<group>";
		};
		F49DEC882B8D2FA800C28FD5 /* Products */ = {
			isa = PBXGroup;
			children = (
				F49DEC872B8D2FA800C28FD5 /* TrackIt.app */,
				F49DEC9D2B8D2FAB00C28FD5 /* TrackItTests.xctest */,
				F49DECA72B8D2FAB00C28FD5 /* TrackItUITests.xctest */,
			);
			name = Products;
			sourceTree = "<group>";
		};
		F49DEC892B8D2FA800C28FD5 /* TrackIt */ = {
			isa = PBXGroup;
			children = (
				F49DEC8A2B8D2FA800C28FD5 /* AppDelegate.swift */,
				F49DEC8C2B8D2FA800C28FD5 /* SceneDelegate.swift */,
				F49DEC8E2B8D2FA800C28FD5 /* ViewController.swift */,
				F49DEC902B8D2FA800C28FD5 /* Main.storyboard */,
				F49DEC932B8D2FAA00C28FD5 /* Assets.xcassets */,
				F49DEC952B8D2FAA00C28FD5 /* LaunchScreen.storyboard */,
				F49DEC982B8D2FAA00C28FD5 /* Info.plist */,
			);
			path = TrackIt;
			sourceTree = "<group>";
		};
		F49DECA02B8D2FAB00C28FD5 /* TrackItTests */ = {
			isa = PBXGroup;
			children = (
				F49DECA12B8D2FAB00C28FD5 /* TrackItTests.swift */,
			);
			path = TrackItTests;
			sourceTree = "<group>";
		};
		F49DECAA2B8D2FAB00C28FD5 /* TrackItUITests */ = {
			isa = PBXGroup;
			children = (
				F49DECAB2B8D2FAB00C28FD5 /* TrackItUITests.swift */,
				F49DECAD2B8D2FAB00C28FD5 /* TrackItUITestsLaunchTests.swift */,
			);
			path = TrackItUITests;
			sourceTree = "<group>";
		};
/* End PBXGroup section */

/* Begin PBXNativeTarget section */
		F49DEC862B8D2FA800C28FD5 /* TrackIt */ = {
			isa = PBXNativeTarget;
			buildConfigurationList = F49DECB12B8D2FAB00C28FD5 /* Build configuration list for PBXNativeTarget "TrackIt" */;
			buildPhases = (
				F49DEC832B8D2FA800C28FD5 /* Sources */,
				F49DEC842B8D2FA800C28FD5 /* Frameworks */,
				F49DEC852B8D2FA800C28FD5 /* Resources */,
			);
			buildRules = (
			);
			dependencies = (
			);
			name = TrackIt;
			productName = TrackIt;
			productReference = F49DEC872B8D2FA800C28FD5 /* TrackIt.app */;
			productType = "com.apple.product-type.application";
		};
		F49DEC9C2B8D2FAB00C28FD5 /* TrackItTests */ = {
			isa = PBXNativeTarget;
			buildConfigurationList = F49DECB42B8D2FAB00C28FD5 /* Build configuration list for PBXNativeTarget "TrackItTests" */;
			buildPhases = (
				F49DEC992B8D2FAB00C28FD5 /* Sources */,
				F49DEC9A2B8D2FAB00C28FD5 /* Frameworks */,
				F49DEC9B2B8D2FAB00C28FD5 /* Resources */,
			);
			buildRules = (
			);
			dependencies = (
				F49DEC9F2B8D2FAB00C28FD5 /* PBXTargetDependency */,
			);
			name = TrackItTests;
			productName = TrackItTests;
			productReference = F49DEC9D2B8D2FAB00C28FD5 /* TrackItTests.xctest */;
			productType = "com.apple.product-type.bundle.unit-test";
		};
		F49DECA62B8D2FAB00C28FD5 /* TrackItUITests */ = {
			isa = PBXNativeTarget;
			buildConfigurationList = F49DECB72B8D2FAB00C28FD5 /* Build configuration list for PBXNativeTarget "TrackItUITests" */;
			buildPhases = (
				F49DECA32B8D2FAB00C28FD5 /* Sources */,
				F49DECA42B8D2FAB00C28FD5 /* Frameworks */,
				F49DECA52B8D2FAB00C28FD5 /* Resources */,
			);
			buildRules = (
			);
			dependencies = (
				F49DECA92B8D2FAB00C28FD5 /* PBXTargetDependency */,
			);
			name = TrackItUITests;
			productName = TrackItUITests;
			productReference = F49DECA72B8D2FAB00C28FD5 /* TrackItUITests.xctest */;
			productType = "com.apple.product-type.bundle.ui-testing";
		};
/* End PBXNativeTarget section */

/* Begin PBXProject section */
		F49DEC7F2B8D2FA800C28FD5 /* Project object */ = {
			isa = PBXProject;
			attributes = {
				BuildIndependentTargetsInParallel = 1;
				LastSwiftUpdateCheck = 1520;
				LastUpgradeCheck = 1520;
				TargetAttributes = {
					F49DEC862B8D2FA800C28FD5 = {
						CreatedOnToolsVersion = 15.2;
					};
					F49DEC9C2B8D2FAB00C28FD5 = {
						CreatedOnToolsVersion = 15.2;
						TestTargetID = F49DEC862B8D2FA800C28FD5;
					};
					F49DECA62B8D2FAB00C28FD5 = {
						CreatedOnToolsVersion = 15.2;
						TestTargetID = F49DEC862B8D2FA800C28FD5;
					};
				};
			};
			buildConfigurationList = F49DEC822B8D2FA800C28FD5 /* Build configuration list for PBXProject "TrackIt" */;
			compatibilityVersion = "Xcode 14.0";
			developmentRegion = en;
			hasScannedForEncodings = 0;
			knownRegions = (
				en,
				Base,
			);
			mainGroup = F49DEC7E2B8D2FA800C28FD5;
			productRefGroup = F49DEC882B8D2FA800C28FD5 /* Products */;
			projectDirPath = "";
			projectRoot = "";
			targets = (
				F49DEC862B8D2FA800C28FD5 /* TrackIt */,
				F49DEC9C2B8D2FAB00C28FD5 /* TrackItTests */,
				F49DECA62B8D2FAB00C28FD5 /* TrackItUITests */,
			);
		};
/* End PBXProject section */

/* Begin PBXResourcesBuildPhase section */
		F49DEC852B8D2FA800C28FD5 /* Resources */ = {
			isa = PBXResourcesBuildPhase;
			buildActionMask = 2147483647;
			files = (
				F49DEC972B8D2FAA00C28FD5 /* LaunchScreen.storyboard in Resources */,
				F49DEC942B8D2FAA00C28FD5 /* Assets.xcassets in Resources */,
				F49DEC922B8D2FA800C28FD5 /* Main.storyboard in Resources */,
			);
			runOnlyForDeploymentPostprocessing = 0;
		};
		F49DEC9B2B8D2FAB00C28FD5 /* Resources */ = {
			isa = PBXResourcesBuildPhase;
			buildActionMask = 2147483647;
			files = (
			);
			runOnlyForDeploymentPostprocessing = 0;
		};
		F49DECA52B8D2FAB00C28FD5 /* Resources */ = {
			isa = PBXResourcesBuildPhase;
			buildActionMask = 2147483647;
			files = (
			);
			runOnlyForDeploymentPostprocessing = 0;
		};
/* End PBXResourcesBuildPhase section */

/* Begin PBXSourcesBuildPhase section */
		F49DEC832B8D2FA800C28FD5 /* Sources */ = {
			isa = PBXSourcesBuildPhase;
			buildActionMask = 2147483647;
			files = (
				F49DEC8F2B8D2FA800C28FD5 /* ViewController.swift in Sources */,
				F49DEC8B2B8D2FA800C28FD5 /* AppDelegate.swift in Sources */,
				F49DEC8D2B8D2FA800C28FD5 /* SceneDelegate.swift in Sources */,
			);
			runOnlyForDeploymentPostprocessing = 0;
		};
		F49DEC992B8D2FAB00C28FD5 /* Sources */ = {
			isa = PBXSourcesBuildPhase;
			buildActionMask = 2147483647;
			files = (
				F49DECA22B8D2FAB00C28FD5 /* TrackItTests.swift in Sources */,
			);
			runOnlyForDeploymentPostprocessing = 0;
		};
		F49DECA32B8D2FAB00C28FD5 /* Sources */ = {
			isa = PBXSourcesBuildPhase;
			buildActionMask = 2147483647;
			files = (
				F49DECAC2B8D2FAB00C28FD5 /* TrackItUITests.swift in Sources */,
				F49DECAE2B8D2FAB00C28FD5 /* TrackItUITestsLaunchTests.swift in Sources */,
			);
			runOnlyForDeploymentPostprocessing = 0;
		};
/* End PBXSourcesBuildPhase section */

/* Begin PBXTargetDependency section */
		F49DEC9F2B8D2FAB00C28FD5 /* PBXTargetDependency */ = {
			isa = PBXTargetDependency;
			target = F49DEC862B8D2FA800C28FD5 /* TrackIt */;
			targetProxy = F49DEC9E2B8D2FAB00C28FD5 /* PBXContainerItemProxy */;
		};
		F49DECA92B8D2FAB00C28FD5 /* PBXTargetDependency */ = {
			isa = PBXTargetDependency;
			target = F49DEC862B8D2FA800C28FD5 /* TrackIt */;
			targetProxy = F49DECA82B8D2FAB00C28FD5 /* PBXContainerItemProxy */;
		};
/* End PBXTargetDependency section */

/* Begin PBXVariantGroup section */
		F49DEC902B8D2FA800C28FD5 /* Main.storyboard */ = {
			isa = PBXVariantGroup;
			children = (
				F49DEC912B8D2FA800C28FD5 /* Base */,
			);
			name = Main.storyboard;
			sourceTree = "<group>";
		};
		F49DEC952B8D2FAA00C28FD5 /* LaunchScreen.storyboard */ = {
			isa = PBXVariantGroup;
			children = (
				F49DEC962B8D2FAA00C28FD5 /* Base */,
			);
			name = LaunchScreen.storyboard;
			sourceTree = "<group>";
		};
/* End PBXVariantGroup section */

/* Begin XCBuildConfiguration section */
		F49DECAF2B8D2FAB00C28FD5 /* Debug */ = {
			isa = XCBuildConfiguration;
			buildSettings = {
				ALWAYS_SEARCH_USER_PATHS = NO;
				ASSETCATALOG_COMPILER_GENERATE_SWIFT_ASSET_SYMBOL_EXTENSIONS = YES;
				CLANG_ANALYZER_NONNULL = YES;
				CLANG_ANALYZER_NUMBER_OBJECT_CONVERSION = YES_AGGRESSIVE;
				CLANG_CXX_LANGUAGE_STANDARD = "gnu++20";
				CLANG_ENABLE_MODULES = YES;
				CLANG_ENABLE_OBJC_ARC = YES;
				CLANG_ENABLE_OBJC_WEAK = YES;
				CLANG_WARN_BLOCK_CAPTURE_AUTORELEASING = YES;
				CLANG_WARN_BOOL_CONVERSION = YES;
				CLANG_WARN_COMMA = YES;
				CLANG_WARN_CONSTANT_CONVERSION = YES;
				CLANG_WARN_DEPRECATED_OBJC_IMPLEMENTATIONS = YES;
				CLANG_WARN_DIRECT_OBJC_ISA_USAGE = YES_ERROR;
				CLANG_WARN_DOCUMENTATION_COMMENTS = YES;
				CLANG_WARN_EMPTY_BODY = YES;
				CLANG_WARN_ENUM_CONVERSION = YES;
				CLANG_WARN_INFINITE_RECURSION = YES;
				CLANG_WARN_INT_CONVERSION = YES;
				CLANG_WARN_NON_LITERAL_NULL_CONVERSION = YES;
				CLANG_WARN_OBJC_IMPLICIT_RETAIN_SELF = YES;
				CLANG_WARN_OBJC_LITERAL_CONVERSION = YES;
				CLANG_WARN_OBJC_ROOT_CLASS = YES_ERROR;
				CLANG_WARN_QUOTED_INCLUDE_IN_FRAMEWORK_HEADER = YES;
				CLANG_WARN_RANGE_LOOP_ANALYSIS = YES;
				CLANG_WARN_STRICT_PROTOTYPES = YES;
				CLANG_WARN_SUSPICIOUS_MOVE = YES;
				CLANG_WARN_UNGUARDED_AVAILABILITY = YES_AGGRESSIVE;
				CLANG_WARN_UNREACHABLE_CODE = YES;
				CLANG_WARN__DUPLICATE_METHOD_MATCH = YES;
				COPY_PHASE_STRIP = NO;
				DEBUG_INFORMATION_FORMAT = dwarf;
				ENABLE_STRICT_OBJC_MSGSEND = YES;
				ENABLE_TESTABILITY = YES;
				ENABLE_USER_SCRIPT_SANDBOXING = YES;
				GCC_C_LANGUAGE_STANDARD = gnu17;
				GCC_DYNAMIC_NO_PIC = NO;
				GCC_NO_COMMON_BLOCKS = YES;
				GCC_OPTIMIZATION_LEVEL = 0;
				GCC_PREPROCESSOR_DEFINITIONS = (
					"DEBUG=1",
					"$(inherited)",
				);
				GCC_WARN_64_TO_32_BIT_CONVERSION = YES;
				GCC_WARN_ABOUT_RETURN_TYPE = YES_ERROR;
				GCC_WARN_UNDECLARED_SELECTOR = YES;
				GCC_WARN_UNINITIALIZED_AUTOS = YES_AGGRESSIVE;
				GCC_WARN_UNUSED_FUNCTION = YES;
				GCC_WARN_UNUSED_VARIABLE = YES;
				IPHONEOS_DEPLOYMENT_TARGET = 17.2;
				LOCALIZATION_PREFERS_STRING_CATALOGS = YES;
				MTL_ENABLE_DEBUG_INFO = INCLUDE_SOURCE;
				MTL_FAST_MATH = YES;
				ONLY_ACTIVE_ARCH = YES;
				SDKROOT = iphoneos;
				SWIFT_ACTIVE_COMPILATION_CONDITIONS = "DEBUG $(inherited)";
				SWIFT_OPTIMIZATION_LEVEL = "-Onone";
			};
			name = Debug;
		};
		F49DECB02B8D2FAB00C28FD5 /* Release */ = {
			isa = XCBuildConfiguration;
			buildSettings = {
				ALWAYS_SEARCH_USER_PATHS = NO;
				ASSETCATALOG_COMPILER_GENERATE_SWIFT_ASSET_SYMBOL_EXTENSIONS = YES;
				CLANG_ANALYZER_NONNULL = YES;
				CLANG_ANALYZER_NUMBER_OBJECT_CONVERSION = YES_AGGRESSIVE;
				CLANG_CXX_LANGUAGE_STANDARD = "gnu++20";
				CLANG_ENABLE_MODULES = YES;
				CLANG_ENABLE_OBJC_ARC = YES;
				CLANG_ENABLE_OBJC_WEAK = YES;
				CLANG_WARN_BLOCK_CAPTURE_AUTORELEASING = YES;
				CLANG_WARN_BOOL_CONVERSION = YES;
				CLANG_WARN_COMMA = YES;
				CLANG_WARN_CONSTANT_CONVERSION = YES;
				CLANG_WARN_DEPRECATED_OBJC_IMPLEMENTATIONS = YES;
				CLANG_WARN_DIRECT_OBJC_ISA_USAGE = YES_ERROR;
				CLANG_WARN_DOCUMENTATION_COMMENTS = YES;
				CLANG_WARN_EMPTY_BODY = YES;
				CLANG_WARN_ENUM_CONVERSION = YES;
				CLANG_WARN_INFINITE_RECURSION = YES;
				CLANG_WARN_INT_CONVERSION = YES;
				CLANG_WARN_NON_LITERAL_NULL_CONVERSION = YES;
				CLANG_WARN_OBJC_IMPLICIT_RETAIN_SELF = YES;
				CLANG_WARN_OBJC_LITERAL_CONVERSION = YES;
				CLANG_WARN_OBJC_ROOT_CLASS = YES_ERROR;
				CLANG_WARN_QUOTED_INCLUDE_IN_FRAMEWORK_HEADER = YES;
				CLANG_WARN_RANGE_LOOP_ANALYSIS = YES;
				CLANG_WARN_STRICT_PROTOTYPES = YES;
				CLANG_WARN_SUSPICIOUS_MOVE = YES;
				CLANG_WARN_UNGUARDED_AVAILABILITY = YES_AGGRESSIVE;
				CLANG_WARN_UNREACHABLE_CODE = YES;
				CLANG_WARN__DUPLICATE_METHOD_MATCH = YES;
				COPY_PHASE_STRIP = NO;
				DEBUG_INFORMATION_FORMAT = "dwarf-with-dsym";
				ENABLE_NS_ASSERTIONS = NO;
				ENABLE_STRICT_OBJC_MSGSEND = YES;
				ENABLE_USER_SCRIPT_SANDBOXING = YES;
				GCC_C_LANGUAGE_STANDARD = gnu17;
				GCC_NO_COMMON_BLOCKS = YES;
				GCC_WARN_64_TO_32_BIT_CONVERSION = YES;
				GCC_WARN_ABOUT_RETURN_TYPE = YES_ERROR;
				GCC_WARN_UNDECLARED_SELECTOR = YES;
				GCC_WARN_UNINITIALIZED_AUTOS = YES_AGGRESSIVE;
				GCC_WARN_UNUSED_FUNCTION = YES;
				GCC_WARN_UNUSED_VARIABLE = YES;
				IPHONEOS_DEPLOYMENT_TARGET = 17.2;
				LOCALIZATION_PREFERS_STRING_CATALOGS = YES;
				MTL_ENABLE_DEBUG_INFO = NO;
				MTL_FAST_MATH = YES;
				SDKROOT = iphoneos;
				SWIFT_COMPILATION_MODE = wholemodule;
				VALIDATE_PRODUCT = YES;
			};
			name = Release;
		};
		F49DECB22B8D2FAB00C28FD5 /* Debug */ = {
			isa = XCBuildConfiguration;
			buildSettings = {
				ASSETCATALOG_COMPILER_APPICON_NAME = AppIcon;
				ASSETCATALOG_COMPILER_GLOBAL_ACCENT_COLOR_NAME = AccentColor;
				CODE_SIGN_STYLE = Automatic;
				CURRENT_PROJECT_VERSION = 1;
				GENERATE_INFOPLIST_FILE = YES;
				INFOPLIST_FILE = TrackIt/Info.plist;
				INFOPLIST_KEY_UIApplicationSupportsIndirectInputEvents = YES;
				INFOPLIST_KEY_UILaunchStoryboardName = LaunchScreen;
				INFOPLIST_KEY_UIMainStoryboardFile = Main;
				INFOPLIST_KEY_UISupportedInterfaceOrientations_iPad = "UIInterfaceOrientationPortrait UIInterfaceOrientationPortraitUpsideDown UIInterfaceOrientationLandscapeLeft UIInterfaceOrientationLandscapeRight";
				INFOPLIST_KEY_UISupportedInterfaceOrientations_iPhone = "UIInterfaceOrientationPortrait UIInterfaceOrientationLandscapeLeft UIInterfaceOrientationLandscapeRight";
				LD_RUNPATH_SEARCH_PATHS = (
					"$(inherited)",
					"@executable_path/Frameworks",
				);
				MARKETING_VERSION = 1.0;
				PRODUCT_BUNDLE_IDENTIFIER = com.atajvar.TrackIt;
				PRODUCT_NAME = "$(TARGET_NAME)";
				SWIFT_EMIT_LOC_STRINGS = YES;
				SWIFT_VERSION = 5.0;
				TARGETED_DEVICE_FAMILY = "1,2";
			};
			name = Debug;
		};
		F49DECB32B8D2FAB00C28FD5 /* Release */ = {
			isa = XCBuildConfiguration;
			buildSettings = {
				ASSETCATALOG_COMPILER_APPICON_NAME = AppIcon;
				ASSETCATALOG_COMPILER_GLOBAL_ACCENT_COLOR_NAME = AccentColor;
				CODE_SIGN_STYLE = Automatic;
				CURRENT_PROJECT_VERSION = 1;
				GENERATE_INFOPLIST_FILE = YES;
				INFOPLIST_FILE = TrackIt/Info.plist;
				INFOPLIST_KEY_UIApplicationSupportsIndirectInputEvents = YES;
				INFOPLIST_KEY_UILaunchStoryboardName = LaunchScreen;
				INFOPLIST_KEY_UIMainStoryboardFile = Main;
				INFOPLIST_KEY_UISupportedInterfaceOrientations_iPad = "UIInterfaceOrientationPortrait UIInterfaceOrientationPortraitUpsideDown UIInterfaceOrientationLandscapeLeft UIInterfaceOrientationLandscapeRight";
				INFOPLIST_KEY_UISupportedInterfaceOrientations_iPhone = "UIInterfaceOrientationPortrait UIInterfaceOrientationLandscapeLeft UIInterfaceOrientationLandscapeRight";
				LD_RUNPATH_SEARCH_PATHS = (
					"$(inherited)",
					"@executable_path/Frameworks",
				);
				MARKETING_VERSION = 1.0;
				PRODUCT_BUNDLE_IDENTIFIER = com.atajvar.TrackIt;
				PRODUCT_NAME = "$(TARGET_NAME)";
				SWIFT_EMIT_LOC_STRINGS = YES;
				SWIFT_VERSION = 5.0;
				TARGETED_DEVICE_FAMILY = "1,2";
			};
			name = Release;
		};
		F49DECB52B8D2FAB00C28FD5 /* Debug */ = {
			isa = XCBuildConfiguration;
			buildSettings = {
				ALWAYS_EMBED_SWIFT_STANDARD_LIBRARIES = YES;
				BUNDLE_LOADER = "$(TEST_HOST)";
				CODE_SIGN_STYLE = Automatic;
				CURRENT_PROJECT_VERSION = 1;
				GENERATE_INFOPLIST_FILE = YES;
				IPHONEOS_DEPLOYMENT_TARGET = 17.2;
				MARKETING_VERSION = 1.0;
				PRODUCT_BUNDLE_IDENTIFIER = com.atajvar.TrackItTests;
				PRODUCT_NAME = "$(TARGET_NAME)";
				SWIFT_EMIT_LOC_STRINGS = NO;
				SWIFT_VERSION = 5.0;
				TARGETED_DEVICE_FAMILY = "1,2";
				TEST_HOST = "$(BUILT_PRODUCTS_DIR)/TrackIt.app/$(BUNDLE_EXECUTABLE_FOLDER_PATH)/TrackIt";
			};
			name = Debug;
		};
		F49DECB62B8D2FAB00C28FD5 /* Release */ = {
			isa = XCBuildConfiguration;
			buildSettings = {
				ALWAYS_EMBED_SWIFT_STANDARD_LIBRARIES = YES;
				BUNDLE_LOADER = "$(TEST_HOST)";
				CODE_SIGN_STYLE = Automatic;
				CURRENT_PROJECT_VERSION = 1;
				GENERATE_INFOPLIST_FILE = YES;
				IPHONEOS_DEPLOYMENT_TARGET = 17.2;
				MARKETING_VERSION = 1.0;
				PRODUCT_BUNDLE_IDENTIFIER = com.atajvar.TrackItTests;
				PRODUCT_NAME = "$(TARGET_NAME)";
				SWIFT_EMIT_LOC_STRINGS = NO;
				SWIFT_VERSION = 5.0;
				TARGETED_DEVICE_FAMILY = "1,2";
				TEST_HOST = "$(BUILT_PRODUCTS_DIR)/TrackIt.app/$(BUNDLE_EXECUTABLE_FOLDER_PATH)/TrackIt";
			};
			name = Release;
		};
		F49DECB82B8D2FAB00C28FD5 /* Debug */ = {
			isa = XCBuildConfiguration;
			buildSettings = {
				ALWAYS_EMBED_SWIFT_STANDARD_LIBRARIES = YES;
				CODE_SIGN_STYLE = Automatic;
				CURRENT_PROJECT_VERSION = 1;
				GENERATE_INFOPLIST_FILE = YES;
				MARKETING_VERSION = 1.0;
				PRODUCT_BUNDLE_IDENTIFIER = com.atajvar.TrackItUITests;
				PRODUCT_NAME = "$(TARGET_NAME)";
				SWIFT_EMIT_LOC_STRINGS = NO;
				SWIFT_VERSION = 5.0;
				TARGETED_DEVICE_FAMILY = "1,2";
				TEST_TARGET_NAME = TrackIt;
			};
			name = Debug;
		};
		F49DECB92B8D2FAB00C28FD5 /* Release */ = {
			isa = XCBuildConfiguration;
			buildSettings = {
				ALWAYS_EMBED_SWIFT_STANDARD_LIBRARIES = YES;
				CODE_SIGN_STYLE = Automatic;
				CURRENT_PROJECT_VERSION = 1;
				GENERATE_INFOPLIST_FILE = YES;
				MARKETING_VERSION = 1.0;
				PRODUCT_BUNDLE_IDENTIFIER = com.atajvar.TrackItUITests;
				PRODUCT_NAME = "$(TARGET_NAME)";
				SWIFT_EMIT_LOC_STRINGS = NO;
				SWIFT_VERSION = 5.0;
				TARGETED_DEVICE_FAMILY = "1,2";
				TEST_TARGET_NAME = TrackIt;
			};
			name = Release;
		};
/* End XCBuildConfiguration section */

/* Begin XCConfigurationList section */
		F49DEC822B8D2FA800C28FD5 /* Build configuration list for PBXProject "TrackIt" */ = {
			isa = XCConfigurationList;
			buildConfigurations = (
				F49DECAF2B8D2FAB00C28FD5 /* Debug */,
				F49DECB02B8D2FAB00C28FD5 /* Release */,
			);
			defaultConfigurationIsVisible = 0;
			defaultConfigurationName = Release;
		};
		F49DECB12B8D2FAB00C28FD5 /* Build configuration list for PBXNativeTarget "TrackIt" */ = {
			isa = XCConfigurationList;
			buildConfigurations = (
				F49DECB22B8D2FAB00C28FD5 /* Debug */,
				F49DECB32B8D2FAB00C28FD5 /* Release */,
			);
			defaultConfigurationIsVisible = 0;
			defaultConfigurationName = Release;
		};
		F49DECB42B8D2FAB00C28FD5 /* Build configuration list for PBXNativeTarget "TrackItTests" */ = {
			isa = XCConfigurationList;
			buildConfigurations = (
				F49DECB52B8D2FAB00C28FD5 /* Debug */,
				F49DECB62B8D2FAB00C28FD5 /* Release */,
			);
			defaultConfigurationIsVisible = 0;
			defaultConfigurationName = Release;
		};
		F49DECB72B8D2FAB00C28FD5 /* Build configuration list for PBXNativeTarget "TrackItUITests" */ = {
			isa = XCConfigurationList;
			buildConfigurations = (
				F49DECB82B8D2FAB00C28FD5 /* Debug */,
				F49DECB92B8D2FAB00C28FD5 /* Release */,
			);
			defaultConfigurationIsVisible = 0;
			defaultConfigurationName = Release;
		};
/* End XCConfigurationList section */
	};
	rootObject = F49DEC7F2B8D2FA800C28FD5 /* Project object */;
}
